
Microsoft Visual Studio Solution File, Format Version 12.00
# Visual Studio Version 17
VisualStudioVersion = 17.1.32210.238
MinimumVisualStudioVersion = 10.0.40219.1
Project("{FAE04EC0-301F-11D3-BF4B-00C04F79EFBC}") = "ThreadingDemo", "ThreadingDemo\ThreadingDemo.csproj", "{0E6A6249-B8FC-482D-A056-FEA8613C1270}"
EndProject
Global
	GlobalSection(SolutionConfigurationPlatforms) = preSolution
		Debug|Any CPU = Debug|Any CPU
		Release|Any CPU = Release|Any CPU
	EndGlobalSection
	GlobalSection(ProjectConfigurationPlatforms) = postSolution
		{0E6A6249-B8FC-482D-A056-FEA8613C1270}.Debug|Any CPU.ActiveCfg = Debug|Any CPU
		{0E6A6249-B8FC-482D-A056-FEA8613C1270}.Debug|Any CPU.Build.0 = Debug|Any CPU
		{0E6A6249-B8FC-482D-A056-FEA8613C1270}.Release|Any CPU.ActiveCfg = Release|Any CPU
		{0E6A6249-B8FC-482D-A056-FEA8613C1270}.Release|Any CPU.Build.0 = Release|Any CPU
	EndGlobalSection
	GlobalSection(SolutionProperties) = preSolution
		HideSolutionNode = FALSE
	EndGlobalSection
	GlobalSection(ExtensibilityGlobals) = postSolution
		SolutionGuid = {0CC80525-8AB2-44D8-8650-B632D054D362}
	EndGlobalSection
EndGlobal
